
Microsoft Visual Studio Solution File, Format Version 12.00
# Visual Studio Version 17
VisualStudioVersion = 17.4.33103.184
MinimumVisualStudioVersion = 10.0.40219.1
Project("{9A19103F-16F7-4668-BE54-9A1E7A4F7556}") = "DroneChallenge.Api", "DroneChallenge.Api\DroneChallenge.Api.csproj", "{84C77543-23EC-4077-BC55-88F83D38D20C}"
EndProject
Project("{9A19103F-16F7-4668-BE54-9A1E7A4F7556}") = "DroneChallenge.Domain", "DroneChallenge.Domain\DroneChallenge.Domain.csproj", "{CF43E6A1-D72B-436F-8152-2850E4A27CFE}"
EndProject
Project("{9A19103F-16F7-4668-BE54-9A1E7A4F7556}") = "DroneChallenge.Service", "DroneChallenge.Service\DroneChallenge.Service.csproj", "{72D28B31-93CA-42EE-9211-675FC17CE884}"
EndProject
Project("{9A19103F-16F7-4668-BE54-9A1E7A4F7556}") = "DroneChallenge.Application", "DroneChallenge.Application\DroneChallenge.Application.csproj", "{88CE918A-01FC-40BD-90F4-C5262E31C73A}"
EndProject
Project("{FAE04EC0-301F-11D3-BF4B-00C04F79EFBC}") = "DroneChallenge.UnitTest", "DroneChallenge.UnitTest\DroneChallenge.UnitTest.csproj", "{BEF94FE7-2B18-4B39-B672-528271591E54}"
EndProject
Global
	GlobalSection(SolutionConfigurationPlatforms) = preSolution
		Debug|Any CPU = Debug|Any CPU
		Release|Any CPU = Release|Any CPU
	EndGlobalSection
	GlobalSection(ProjectConfigurationPlatforms) = postSolution
		{84C77543-23EC-4077-BC55-88F83D38D20C}.Debug|Any CPU.ActiveCfg = Debug|Any CPU
		{84C77543-23EC-4077-BC55-88F83D38D20C}.Debug|Any CPU.Build.0 = Debug|Any CPU
		{84C77543-23EC-4077-BC55-88F83D38D20C}.Release|Any CPU.ActiveCfg = Release|Any CPU
		{84C77543-23EC-4077-BC55-88F83D38D20C}.Release|Any CPU.Build.0 = Release|Any CPU
		{CF43E6A1-D72B-436F-8152-2850E4A27CFE}.Debug|Any CPU.ActiveCfg = Debug|Any CPU
		{CF43E6A1-D72B-436F-8152-2850E4A27CFE}.Debug|Any CPU.Build.0 = Debug|Any CPU
		{CF43E6A1-D72B-436F-8152-2850E4A27CFE}.Release|Any CPU.ActiveCfg = Release|Any CPU
		{CF43E6A1-D72B-436F-8152-2850E4A27CFE}.Release|Any CPU.Build.0 = Release|Any CPU
		{72D28B31-93CA-42EE-9211-675FC17CE884}.Debug|Any CPU.ActiveCfg = Debug|Any CPU
		{72D28B31-93CA-42EE-9211-675FC17CE884}.Debug|Any CPU.Build.0 = Debug|Any CPU
		{72D28B31-93CA-42EE-9211-675FC17CE884}.Release|Any CPU.ActiveCfg = Release|Any CPU
		{72D28B31-93CA-42EE-9211-675FC17CE884}.Release|Any CPU.Build.0 = Release|Any CPU
		{88CE918A-01FC-40BD-90F4-C5262E31C73A}.Debug|Any CPU.ActiveCfg = Debug|Any CPU
		{88CE918A-01FC-40BD-90F4-C5262E31C73A}.Debug|Any CPU.Build.0 = Debug|Any CPU
		{88CE918A-01FC-40BD-90F4-C5262E31C73A}.Release|Any CPU.ActiveCfg = Release|Any CPU
		{88CE918A-01FC-40BD-90F4-C5262E31C73A}.Release|Any CPU.Build.0 = Release|Any CPU
		{BEF94FE7-2B18-4B39-B672-528271591E54}.Debug|Any CPU.ActiveCfg = Debug|Any CPU
		{BEF94FE7-2B18-4B39-B672-528271591E54}.Debug|Any CPU.Build.0 = Debug|Any CPU
		{BEF94FE7-2B18-4B39-B672-528271591E54}.Release|Any CPU.ActiveCfg = Release|Any CPU
		{BEF94FE7-2B18-4B39-B672-528271591E54}.Release|Any CPU.Build.0 = Release|Any CPU
	EndGlobalSection
	GlobalSection(SolutionProperties) = preSolution
		HideSolutionNode = FALSE
	EndGlobalSection
	GlobalSection(ExtensibilityGlobals) = postSolution
		SolutionGuid = {52FBEE6F-8DB6-4B4A-A995-57913BC81AD0}
	EndGlobalSection
EndGlobal
